
Microsoft Visual Studio Solution File, Format Version 12.00
# Visual Studio Version 17
VisualStudioVersion = 17.9.34728.123
MinimumVisualStudioVersion = 10.0.40219.1
Project("{9A19103F-16F7-4668-BE54-9A1E7A4F7556}") = "TheVueApp.Server", "AspNetProjects\TheVueApp.Server\TheVueApp.Server.csproj", "{AD819E70-8E68-4CEE-92E2-B43A084B1C7B}"
EndProject
Project("{54A90642-561A-4BB1-A94E-469ADEE60C69}") = "thevueapp.client", "AspNetProjects\thevueapp.client\thevueapp.client.esproj", "{768FCDAB-F820-44AD-B4B6-242EE5AD189F}"
EndProject
Global
	GlobalSection(SolutionConfigurationPlatforms) = preSolution
		Debug|Any CPU = Debug|Any CPU
		Release|Any CPU = Release|Any CPU
	EndGlobalSection
	GlobalSection(ProjectConfigurationPlatforms) = postSolution
		{AD819E70-8E68-4CEE-92E2-B43A084B1C7B}.Debug|Any CPU.ActiveCfg = Debug|Any CPU
		{AD819E70-8E68-4CEE-92E2-B43A084B1C7B}.Debug|Any CPU.Build.0 = Debug|Any CPU
		{AD819E70-8E68-4CEE-92E2-B43A084B1C7B}.Release|Any CPU.ActiveCfg = Release|Any CPU
		{AD819E70-8E68-4CEE-92E2-B43A084B1C7B}.Release|Any CPU.Build.0 = Release|Any CPU
		{768FCDAB-F820-44AD-B4B6-242EE5AD189F}.Debug|Any CPU.ActiveCfg = Debug|Any CPU
		{768FCDAB-F820-44AD-B4B6-242EE5AD189F}.Debug|Any CPU.Build.0 = Debug|Any CPU
		{768FCDAB-F820-44AD-B4B6-242EE5AD189F}.Debug|Any CPU.Deploy.0 = Debug|Any CPU
		{768FCDAB-F820-44AD-B4B6-242EE5AD189F}.Release|Any CPU.ActiveCfg = Release|Any CPU
		{768FCDAB-F820-44AD-B4B6-242EE5AD189F}.Release|Any CPU.Build.0 = Release|Any CPU
		{768FCDAB-F820-44AD-B4B6-242EE5AD189F}.Release|Any CPU.Deploy.0 = Release|Any CPU
	EndGlobalSection
	GlobalSection(SolutionProperties) = preSolution
		HideSolutionNode = FALSE
	EndGlobalSection
	GlobalSection(ExtensibilityGlobals) = postSolution
		SolutionGuid = {7E587F5C-73D3-4DDE-B8C9-E6E4A183E20E}
	EndGlobalSection
EndGlobal
